PODS:
  - BEMSimpleLineGraph (3.3)
  - Masonry (0.6.1)

DEPENDENCIES:
  - BEMSimpleLineGraph (from `https://github.com/Boris-Em/BEMSimpleLineGraph.git`)
  - Masonry

EXTERNAL SOURCES:
  BEMSimpleLineGraph:
    :git: https://github.com/Boris-Em/BEMSimpleLineGraph.git

CHECKOUT OPTIONS:
  BEMSimpleLineGraph:
    :commit: b3f428830f6bc05164b0cf5e362d6ae597e0a03b
    :git: https://github.com/Boris-Em/BEMSimpleLineGraph.git

SPEC CHECKSUMS:
  BEMSimpleLineGraph: a3c78bfd5d2919324d970e42c028ebffc6ad7bcd
  Masonry: 2cb49fd14d203d2db5ca6bb017135b235dde9980

COCOAPODS: 0.35.0
